
Microsoft Visual Studio Solution File, Format Version 12.00
# Visual Studio 2012
Project("{8BC9CEB8-8B4A-11D0-8D11-00A0C91BC942}") = "coh2_rgt_extractor", "coh2_rgt_extractor\coh2_rgt_extractor.vcxproj", "{A89A91B2-1BC0-4CFC-A5E1-F23F4FB51980}"
EndProject
Global
	GlobalSection(SolutionConfigurationPlatforms) = preSolution
		Debug|Win32 = Debug|Win32
		Release|Win32 = Release|Win32
	EndGlobalSection
	GlobalSection(ProjectConfigurationPlatforms) = postSolution
		{A89A91B2-1BC0-4CFC-A5E1-F23F4FB51980}.Debug|Win32.ActiveCfg = Debug|Win32
		{A89A91B2-1BC0-4CFC-A5E1-F23F4FB51980}.Debug|Win32.Build.0 = Debug|Win32
		{A89A91B2-1BC0-4CFC-A5E1-F23F4FB51980}.Release|Win32.ActiveCfg = Release|Win32
		{A89A91B2-1BC0-4CFC-A5E1-F23F4FB51980}.Release|Win32.Build.0 = Release|Win32
	EndGlobalSection
	GlobalSection(SolutionProperties) = preSolution
		HideSolutionNode = FALSE
	EndGlobalSection
EndGlobal
